
Microsoft Visual Studio Solution File, Format Version 12.00
# Visual Studio Version 17
VisualStudioVersion = 17.8.34525.116
MinimumVisualStudioVersion = 10.0.40219.1
Project("{FAE04EC0-301F-11D3-BF4B-00C04F79EFBC}") = "ConditionalStatement2", "ConditionalStatement2\ConditionalStatement2.csproj", "{37764C27-1B02-4F58-9A60-293A811B5E05}"
EndProject
Global
	GlobalSection(SolutionConfigurationPlatforms) = preSolution
		Debug|Any CPU = Debug|Any CPU
		Release|Any CPU = Release|Any CPU
	EndGlobalSection
	GlobalSection(ProjectConfigurationPlatforms) = postSolution
		{37764C27-1B02-4F58-9A60-293A811B5E05}.Debug|Any CPU.ActiveCfg = Debug|Any CPU
		{37764C27-1B02-4F58-9A60-293A811B5E05}.Debug|Any CPU.Build.0 = Debug|Any CPU
		{37764C27-1B02-4F58-9A60-293A811B5E05}.Release|Any CPU.ActiveCfg = Release|Any CPU
		{37764C27-1B02-4F58-9A60-293A811B5E05}.Release|Any CPU.Build.0 = Release|Any CPU
	EndGlobalSection
	GlobalSection(SolutionProperties) = preSolution
		HideSolutionNode = FALSE
	EndGlobalSection
	GlobalSection(ExtensibilityGlobals) = postSolution
		SolutionGuid = {36047F82-4C66-42E5-84B9-4F4B0C9DEDE4}
	EndGlobalSection
EndGlobal
